# This file is autogenerated, do not edit; changes may be undone by the next 'dep ensure'.


[[projects]]
  name = "github.com/PuerkitoBio/goquery"
  packages = ["."]
  revision = "09540e565986583836b5fc792fe951ec5fd201dd"
  version = "v1.3.0"

[[projects]]
  branch = "master"
  name = "github.com/andybalholm/cascadia"
  packages = ["."]
  revision = "349dd0209470eabd9514242c688c403c0926d266"

[[projects]]
  name = "github.com/inconshreveable/mousetrap"
  packages = ["."]
  revision = "76626ae9c91c4f2a10f34cad8ce83ea42c93bb75"
  version = "v1.0"

[[projects]]
  name = "github.com/mattn/go-sqlite3"
  packages = ["."]
  revision = "6c771bb9887719704b210e87e934f08be014bdb1"
  version = "v1.6.0"

[[projects]]
  name = "github.com/nboughton/go-sqgenlite"
  packages = ["."]
  revision = "a9fc4fec95eb389860246ad4f3339afe0559bcb4"
  version = "v0.0.1"

[[projects]]
  branch = "master"
  name = "github.com/nboughton/go-utils"
  packages = ["json/file"]
  revision = "5f9f354c194d02e036c772ca862b9a755e948ec4"

[[projects]]
  name = "github.com/spf13/cobra"
  packages = ["."]
  revision = "7b2c5ac9fc04fc5efafb60700713d4fa609b777b"
  version = "v0.0.1"

[[projects]]
  name = "github.com/spf13/pflag"
  packages = ["."]
  revision = "e57e3eeb33f795204c1ca35f56c44f83227c6e66"
  version = "v1.0.0"

[[projects]]
  branch = "master"
  name = "golang.org/x/net"
  packages = [
    "html",
    "html/atom"
  ]
  revision = "cbe0f9307d0156177f9dd5dc85da1a31abc5f2fb"

[solve-meta]
  analyzer-name = "dep"
  analyzer-version = 1
  inputs-digest = "1a1af6c0db9ecbd9615bc3eed4b51d8e561a8c6250018829cf9f1be6d052f66e"
  solver-name = "gps-cdcl"
  solver-version = 1
